
Microsoft Visual Studio Solution File, Format Version 12.00
# Visual Studio Version 17
VisualStudioVersion = 17.9.34728.123
MinimumVisualStudioVersion = 10.0.40219.1
Project("{FAE04EC0-301F-11D3-BF4B-00C04F79EFBC}") = "PigLatin", "PigLatin.csproj", "{80B03468-AF99-471A-96F0-368A9351A2B0}"
EndProject
Global
	GlobalSection(SolutionConfigurationPlatforms) = preSolution
		Debug|Any CPU = Debug|Any CPU
		Release|Any CPU = Release|Any CPU
	EndGlobalSection
	GlobalSection(ProjectConfigurationPlatforms) = postSolution
		{80B03468-AF99-471A-96F0-368A9351A2B0}.Debug|Any CPU.ActiveCfg = Debug|Any CPU
		{80B03468-AF99-471A-96F0-368A9351A2B0}.Debug|Any CPU.Build.0 = Debug|Any CPU
		{80B03468-AF99-471A-96F0-368A9351A2B0}.Release|Any CPU.ActiveCfg = Release|Any CPU
		{80B03468-AF99-471A-96F0-368A9351A2B0}.Release|Any CPU.Build.0 = Release|Any CPU
	EndGlobalSection
	GlobalSection(SolutionProperties) = preSolution
		HideSolutionNode = FALSE
	EndGlobalSection
	GlobalSection(ExtensibilityGlobals) = postSolution
		SolutionGuid = {90F40818-F644-499E-AED2-D883F28B23D6}
	EndGlobalSection
EndGlobal
